
Microsoft Visual Studio Solution File, Format Version 12.00
# Visual Studio Version 17
VisualStudioVersion = 17.8.34525.116
MinimumVisualStudioVersion = 10.0.40219.1
Project("{FAE04EC0-301F-11D3-BF4B-00C04F79EFBC}") = "Lab7OOP", "Lab7OOP.csproj", "{1A2A3D2E-C182-481E-A779-67B4A90DCAE8}"
EndProject
Global
	GlobalSection(SolutionConfigurationPlatforms) = preSolution
		Debug|Any CPU = Debug|Any CPU
		Release|Any CPU = Release|Any CPU
	EndGlobalSection
	GlobalSection(ProjectConfigurationPlatforms) = postSolution
		{1A2A3D2E-C182-481E-A779-67B4A90DCAE8}.Debug|Any CPU.ActiveCfg = Debug|Any CPU
		{1A2A3D2E-C182-481E-A779-67B4A90DCAE8}.Debug|Any CPU.Build.0 = Debug|Any CPU
		{1A2A3D2E-C182-481E-A779-67B4A90DCAE8}.Release|Any CPU.ActiveCfg = Release|Any CPU
		{1A2A3D2E-C182-481E-A779-67B4A90DCAE8}.Release|Any CPU.Build.0 = Release|Any CPU
	EndGlobalSection
	GlobalSection(SolutionProperties) = preSolution
		HideSolutionNode = FALSE
	EndGlobalSection
	GlobalSection(ExtensibilityGlobals) = postSolution
		SolutionGuid = {9CCC162F-145F-47B2-B621-3ECF67B56479}
	EndGlobalSection
EndGlobal
